# This file is automatically @generated by Cargo.
# It is not intended for manual editing.
version = 4

[[package]]
name = "api"
version = "0.1.0"

[[package]]
name = "cwht-app"
version = "0.0.0"
dependencies = [
 "api",
 "cwht-core",
 "pico2",
]

[[package]]
name = "cwht-core"
version = "0.0.0"
dependencies = [
 "api",
 "cwht-hal-mock",
]

[[package]]
name = "cwht-hal-mock"
version = "0.0.0"
dependencies = [
 "api",
]

[[package]]
name = "pico2"
version = "0.1.0"
dependencies = [
 "api",
]
